// !$*UTF8*$!
{
	archiveVersion = 1;
	classes = {
	};
	objectVersion = 50;
	objects = {

/* Begin PBXBuildFile section */
		1C675191BA1377888CE2E053 /* Pods_DualCardSample.framework in Frameworks */ = {isa = PBXBuildFile; fileRef = 945BAD7A30539B54481A5DDD /* Pods_DualCardSample.framework */; };
		5002907547DEFABE279BB922 /* Pods_DualCardSampleTests.framework in Frameworks */ = {isa = PBXBuildFile; fileRef = 0F7530A2426E3738651BFB2D /* Pods_DualCardSampleTests.framework */; };
		EC4C7BF921791A02007E6906 /* ADSEventLogger.framework in Frameworks */ = {isa = PBXBuildFile; fileRef = EC4C7BF0217919F8007E6906 /* ADSEventLogger.framework */; };
		EC4C7BFA21791A02007E6906 /* ADSEventLogger.framework in Embed Frameworks */ = {isa = PBXBuildFile; fileRef = EC4C7BF0217919F8007E6906 /* ADSEventLogger.framework */; settings = {ATTRIBUTES = (CodeSignOnCopy, RemoveHeadersOnCopy, ); }; };
		EC4C7BFB21791A02007E6906 /* ADSFoundation.framework in Frameworks */ = {isa = PBXBuildFile; fileRef = EC4C7BF1217919FB007E6906 /* ADSFoundation.framework */; };
		EC4C7BFC21791A02007E6906 /* ADSFoundation.framework in Embed Frameworks */ = {isa = PBXBuildFile; fileRef = EC4C7BF1217919FB007E6906 /* ADSFoundation.framework */; settings = {ATTRIBUTES = (CodeSignOnCopy, RemoveHeadersOnCopy, ); }; };
		EC4C7BFD21791A02007E6906 /* ADSZXingObjC.framework in Frameworks */ = {isa = PBXBuildFile; fileRef = EC4C7BF2217919FC007E6906 /* ADSZXingObjC.framework */; };
		EC4C7BFE21791A02007E6906 /* ADSZXingObjC.framework in Embed Frameworks */ = {isa = PBXBuildFile; fileRef = EC4C7BF2217919FC007E6906 /* ADSZXingObjC.framework */; settings = {ATTRIBUTES = (CodeSignOnCopy, RemoveHeadersOnCopy, ); }; };
		EC4C7BFF21791A02007E6906 /* ADSUIKit.framework in Frameworks */ = {isa = PBXBuildFile; fileRef = EC4C7BF3217919FD007E6906 /* ADSUIKit.framework */; };
		EC4C7C0021791A02007E6906 /* ADSUIKit.framework in Embed Frameworks */ = {isa = PBXBuildFile; fileRef = EC4C7BF3217919FD007E6906 /* ADSUIKit.framework */; settings = {ATTRIBUTES = (CodeSignOnCopy, RemoveHeadersOnCopy, ); }; };
		EC4C7C0121791A02007E6906 /* ADSACKit.framework in Frameworks */ = {isa = PBXBuildFile; fileRef = EC4C7BF421791A00007E6906 /* ADSACKit.framework */; };
		EC4C7C0221791A02007E6906 /* ADSACKit.framework in Embed Frameworks */ = {isa = PBXBuildFile; fileRef = EC4C7BF421791A00007E6906 /* ADSACKit.framework */; settings = {ATTRIBUTES = (CodeSignOnCopy, RemoveHeadersOnCopy, ); }; };
		EC4C7C0321791A02007E6906 /* ADSAccountCenter.framework in Frameworks */ = {isa = PBXBuildFile; fileRef = EC4C7BF521791A01007E6906 /* ADSAccountCenter.framework */; };
		EC4C7C0421791A02007E6906 /* ADSAccountCenter.framework in Embed Frameworks */ = {isa = PBXBuildFile; fileRef = EC4C7BF521791A01007E6906 /* ADSAccountCenter.framework */; settings = {ATTRIBUTES = (CodeSignOnCopy, RemoveHeadersOnCopy, ); }; };
		EC4C7C0521791A02007E6906 /* ADSACAux.framework in Frameworks */ = {isa = PBXBuildFile; fileRef = EC4C7BF621791A01007E6906 /* ADSACAux.framework */; };
		EC4C7C0621791A02007E6906 /* ADSACAux.framework in Embed Frameworks */ = {isa = PBXBuildFile; fileRef = EC4C7BF621791A01007E6906 /* ADSACAux.framework */; settings = {ATTRIBUTES = (CodeSignOnCopy, RemoveHeadersOnCopy, ); }; };
		EC4C7C0721791A02007E6906 /* ADSDualCard.framework in Frameworks */ = {isa = PBXBuildFile; fileRef = EC4C7BF721791A02007E6906 /* ADSDualCard.framework */; };
		EC4C7C0821791A02007E6906 /* ADSDualCard.framework in Embed Frameworks */ = {isa = PBXBuildFile; fileRef = EC4C7BF721791A02007E6906 /* ADSDualCard.framework */; settings = {ATTRIBUTES = (CodeSignOnCopy, RemoveHeadersOnCopy, ); }; };
		EC52ED31214AA4C000A2214A /* AppDelegate.swift in Sources */ = {isa = PBXBuildFile; fileRef = EC52ED30214AA4C000A2214A /* AppDelegate.swift */; };
		EC52ED33214AA4C000A2214A /* ViewController.swift in Sources */ = {isa = PBXBuildFile; fileRef = EC52ED32214AA4C000A2214A /* ViewController.swift */; };
		EC52ED36214AA4C000A2214A /* Main.storyboard in Resources */ = {isa = PBXBuildFile; fileRef = EC52ED34214AA4C000A2214A /* Main.storyboard */; };
		EC52ED38214AA4C200A2214A /* Assets.xcassets in Resources */ = {isa = PBXBuildFile; fileRef = EC52ED37214AA4C200A2214A /* Assets.xcassets */; };
		EC52ED3B214AA4C200A2214A /* LaunchScreen.storyboard in Resources */ = {isa = PBXBuildFile; fileRef = EC52ED39214AA4C200A2214A /* LaunchScreen.storyboard */; };
		EC52ED46214AA4C200A2214A /* DualCardSampleTests.swift in Sources */ = {isa = PBXBuildFile; fileRef = EC52ED45214AA4C200A2214A /* DualCardSampleTests.swift */; };
/* End PBXBuildFile section */

/* Begin PBXContainerItemProxy section */
		EC52ED42214AA4C200A2214A /* PBXContainerItemProxy */ = {
			isa = PBXContainerItemProxy;
			containerPortal = EC52ED25214AA4C000A2214A /* Project object */;
			proxyType = 1;
			remoteGlobalIDString = EC52ED2C214AA4C000A2214A;
			remoteInfo = DualCardSample;
		};
/* End PBXContainerItemProxy section */

/* Begin PBXCopyFilesBuildPhase section */
		EC4C7C0921791A02007E6906 /* Embed Frameworks */ = {
			isa = PBXCopyFilesBuildPhase;
			buildActionMask = 2147483647;
			dstPath = "";
			dstSubfolderSpec = 10;
			files = (
				EC4C7C0221791A02007E6906 /* ADSACKit.framework in Embed Frameworks */,
				EC4C7C0821791A02007E6906 /* ADSDualCard.framework in Embed Frameworks */,
				EC4C7C0021791A02007E6906 /* ADSUIKit.framework in Embed Frameworks */,
				EC4C7BFC21791A02007E6906 /* ADSFoundation.framework in Embed Frameworks */,
				EC4C7BFE21791A02007E6906 /* ADSZXingObjC.framework in Embed Frameworks */,
				EC4C7C0421791A02007E6906 /* ADSAccountCenter.framework in Embed Frameworks */,
				EC4C7BFA21791A02007E6906 /* ADSEventLogger.framework in Embed Frameworks */,
				EC4C7C0621791A02007E6906 /* ADSACAux.framework in Embed Frameworks */,
			);
			name = "Embed Frameworks";
			runOnlyForDeploymentPostprocessing = 0;
		};
/* End PBXCopyFilesBuildPhase section */

/* Begin PBXFileReference section */
		0F7530A2426E3738651BFB2D /* Pods_DualCardSampleTests.framework */ = {isa = PBXFileReference; explicitFileType = wrapper.framework; includeInIndex = 0; path = Pods_DualCardSampleTests.framework; sourceTree = BUILT_PRODUCTS_DIR; };
		17C7F3502D154174E57C99BA /* Pods-DualCardSample.release.xcconfig */ = {isa = PBXFileReference; includeInIndex = 1; lastKnownFileType = text.xcconfig; name = "Pods-DualCardSample.release.xcconfig"; path = "Pods/Target Support Files/Pods-DualCardSample/Pods-DualCardSample.release.xcconfig"; sourceTree = "<group>"; };
		63A9C7D660A70BDC992CA9C5 /* Pods-DualCardSampleTests.release.xcconfig */ = {isa = PBXFileReference; includeInIndex = 1; lastKnownFileType = text.xcconfig; name = "Pods-DualCardSampleTests.release.xcconfig"; path = "Pods/Target Support Files/Pods-DualCardSampleTests/Pods-DualCardSampleTests.release.xcconfig"; sourceTree = "<group>"; };
		8B9A28CA5BEA8E17C46FA2FF /* Pods-DualCardSample.debug.xcconfig */ = {isa = PBXFileReference; includeInIndex = 1; lastKnownFileType = text.xcconfig; name = "Pods-DualCardSample.debug.xcconfig"; path = "Pods/Target Support Files/Pods-DualCardSample/Pods-DualCardSample.debug.xcconfig"; sourceTree = "<group>"; };
		945BAD7A30539B54481A5DDD /* Pods_DualCardSample.framework */ = {isa = PBXFileReference; explicitFileType = wrapper.framework; includeInIndex = 0; path = Pods_DualCardSample.framework; sourceTree = BUILT_PRODUCTS_DIR; };
		D85775EBC117398CF9E3C04D /* Pods-DualCardSampleTests.debug.xcconfig */ = {isa = PBXFileReference; includeInIndex = 1; lastKnownFileType = text.xcconfig; name = "Pods-DualCardSampleTests.debug.xcconfig"; path = "Pods/Target Support Files/Pods-DualCardSampleTests/Pods-DualCardSampleTests.debug.xcconfig"; sourceTree = "<group>"; };
		EC4C7BF0217919F8007E6906 /* ADSEventLogger.framework */ = {isa = PBXFileReference; lastKnownFileType = wrapper.framework; path = ADSEventLogger.framework; sourceTree = "<group>"; };
		EC4C7BF1217919FB007E6906 /* ADSFoundation.framework */ = {isa = PBXFileReference; lastKnownFileType = wrapper.framework; path = ADSFoundation.framework; sourceTree = "<group>"; };
		EC4C7BF2217919FC007E6906 /* ADSZXingObjC.framework */ = {isa = PBXFileReference; lastKnownFileType = wrapper.framework; path = ADSZXingObjC.framework; sourceTree = "<group>"; };
		EC4C7BF3217919FD007E6906 /* ADSUIKit.framework */ = {isa = PBXFileReference; lastKnownFileType = wrapper.framework; path = ADSUIKit.framework; sourceTree = "<group>"; };
		EC4C7BF421791A00007E6906 /* ADSACKit.framework */ = {isa = PBXFileReference; lastKnownFileType = wrapper.framework; path = ADSACKit.framework; sourceTree = "<group>"; };
		EC4C7BF521791A01007E6906 /* ADSAccountCenter.framework */ = {isa = PBXFileReference; lastKnownFileType = wrapper.framework; path = ADSAccountCenter.framework; sourceTree = "<group>"; };
		EC4C7BF621791A01007E6906 /* ADSACAux.framework */ = {isa = PBXFileReference; lastKnownFileType = wrapper.framework; path = ADSACAux.framework; sourceTree = "<group>"; };
		EC4C7BF721791A02007E6906 /* ADSDualCard.framework */ = {isa = PBXFileReference; lastKnownFileType = wrapper.framework; path = ADSDualCard.framework; sourceTree = "<group>"; };
		EC4C7BF821791A02007E6906 /* strip-frameworks.sh */ = {isa = PBXFileReference; lastKnownFileType = text.script.sh; path = "strip-frameworks.sh"; sourceTree = "<group>"; };
		EC52ED2D214AA4C000A2214A /* DualCardSample.app */ = {isa = PBXFileReference; explicitFileType = wrapper.application; includeInIndex = 0; path = DualCardSample.app; sourceTree = BUILT_PRODUCTS_DIR; };
		EC52ED30214AA4C000A2214A /* AppDelegate.swift */ = {isa = PBXFileReference; lastKnownFileType = sourcecode.swift; path = AppDelegate.swift; sourceTree = "<group>"; };
		EC52ED32214AA4C000A2214A /* ViewController.swift */ = {isa = PBXFileReference; lastKnownFileType = sourcecode.swift; path = ViewController.swift; sourceTree = "<group>"; };
		EC52ED35214AA4C000A2214A /* Base */ = {isa = PBXFileReference; lastKnownFileType = file.storyboard; name = Base; path = Base.lproj/Main.storyboard; sourceTree = "<group>"; };
		EC52ED37214AA4C200A2214A /* Assets.xcassets */ = {isa = PBXFileReference; lastKnownFileType = folder.assetcatalog; path = Assets.xcassets; sourceTree = "<group>"; };
		EC52ED3A214AA4C200A2214A /* Base */ = {isa = PBXFileReference; lastKnownFileType = file.storyboard; name = Base; path = Base.lproj/LaunchScreen.storyboard; sourceTree = "<group>"; };
		EC52ED3C214AA4C200A2214A /* Info.plist */ = {isa = PBXFileReference; lastKnownFileType = text.plist.xml; path = Info.plist; sourceTree = "<group>"; };
		EC52ED41214AA4C200A2214A /* DualCardSampleTests.xctest */ = {isa = PBXFileReference; explicitFileType = wrapper.cfbundle; includeInIndex = 0; path = DualCardSampleTests.xctest; sourceTree = BUILT_PRODUCTS_DIR; };
		EC52ED45214AA4C200A2214A /* DualCardSampleTests.swift */ = {isa = PBXFileReference; lastKnownFileType = sourcecode.swift; path = DualCardSampleTests.swift; sourceTree = "<group>"; };
		EC52ED47214AA4C200A2214A /* Info.plist */ = {isa = PBXFileReference; lastKnownFileType = text.plist.xml; path = Info.plist; sourceTree = "<group>"; };
/* End PBXFileReference section */

/* Begin PBXFrameworksBuildPhase section */
		EC52ED2A214AA4C000A2214A /* Frameworks */ = {
			isa = PBXFrameworksBuildPhase;
			buildActionMask = 2147483647;
			files = (
				EC4C7C0521791A02007E6906 /* ADSACAux.framework in Frameworks */,
				EC4C7BFD21791A02007E6906 /* ADSZXingObjC.framework in Frameworks */,
				EC4C7C0721791A02007E6906 /* ADSDualCard.framework in Frameworks */,
				EC4C7C0321791A02007E6906 /* ADSAccountCenter.framework in Frameworks */,
				EC4C7BF921791A02007E6906 /* ADSEventLogger.framework in Frameworks */,
				EC4C7C0121791A02007E6906 /* ADSACKit.framework in Frameworks */,
				EC4C7BFB21791A02007E6906 /* ADSFoundation.framework in Frameworks */,
				EC4C7BFF21791A02007E6906 /* ADSUIKit.framework in Frameworks */,
				1C675191BA1377888CE2E053 /* Pods_DualCardSample.framework in Frameworks */,
			);
			runOnlyForDeploymentPostprocessing = 0;
		};
		EC52ED3E214AA4C200A2214A /* Frameworks */ = {
			isa = PBXFrameworksBuildPhase;
			buildActionMask = 2147483647;
			files = (
				5002907547DEFABE279BB922 /* Pods_DualCardSampleTests.framework in Frameworks */,
			);
			runOnlyForDeploymentPostprocessing = 0;
		};
/* End PBXFrameworksBuildPhase section */

/* Begin PBXGroup section */
		7BE9BF38BDACF98A5788C6DF /* Frameworks */ = {
			isa = PBXGroup;
			children = (
				945BAD7A30539B54481A5DDD /* Pods_DualCardSample.framework */,
				0F7530A2426E3738651BFB2D /* Pods_DualCardSampleTests.framework */,
			);
			name = Frameworks;
			sourceTree = "<group>";
		};
		EC52ED24214AA4C000A2214A = {
			isa = PBXGroup;
			children = (
				EC4C7BF621791A01007E6906 /* ADSACAux.framework */,
				EC4C7BF521791A01007E6906 /* ADSAccountCenter.framework */,
				EC4C7BF421791A00007E6906 /* ADSACKit.framework */,
				EC4C7BF721791A02007E6906 /* ADSDualCard.framework */,
				EC4C7BF0217919F8007E6906 /* ADSEventLogger.framework */,
				EC4C7BF1217919FB007E6906 /* ADSFoundation.framework */,
				EC4C7BF3217919FD007E6906 /* ADSUIKit.framework */,
				EC4C7BF2217919FC007E6906 /* ADSZXingObjC.framework */,
				EC4C7BF821791A02007E6906 /* strip-frameworks.sh */,
				EC52ED2F214AA4C000A2214A /* DualCardSample */,
				EC52ED44214AA4C200A2214A /* DualCardSampleTests */,
				EC52ED2E214AA4C000A2214A /* Products */,
				F3752F1E7E79AD08D1FD2EAB /* Pods */,
				7BE9BF38BDACF98A5788C6DF /* Frameworks */,
			);
			sourceTree = "<group>";
		};
		EC52ED2E214AA4C000A2214A /* Products */ = {
			isa = PBXGroup;
			children = (
				EC52ED2D214AA4C000A2214A /* DualCardSample.app */,
				EC52ED41214AA4C200A2214A /* DualCardSampleTests.xctest */,
			);
			name = Products;
			sourceTree = "<group>";
		};
		EC52ED2F214AA4C000A2214A /* DualCardSample */ = {
			isa = PBXGroup;
			children = (
				EC52ED30214AA4C000A2214A /* AppDelegate.swift */,
				EC52ED32214AA4C000A2214A /* ViewController.swift */,
				EC52ED34214AA4C000A2214A /* Main.storyboard */,
				EC52ED37214AA4C200A2214A /* Assets.xcassets */,
				EC52ED39214AA4C200A2214A /* LaunchScreen.storyboard */,
				EC52ED3C214AA4C200A2214A /* Info.plist */,
			);
			path = DualCardSample;
			sourceTree = "<group>";
		};
		EC52ED44214AA4C200A2214A /* DualCardSampleTests */ = {
			isa = PBXGroup;
			children = (
				EC52ED45214AA4C200A2214A /* DualCardSampleTests.swift */,
				EC52ED47214AA4C200A2214A /* Info.plist */,
			);
			path = DualCardSampleTests;
			sourceTree = "<group>";
		};
		F3752F1E7E79AD08D1FD2EAB /* Pods */ = {
			isa = PBXGroup;
			children = (
				8B9A28CA5BEA8E17C46FA2FF /* Pods-DualCardSample.debug.xcconfig */,
				17C7F3502D154174E57C99BA /* Pods-DualCardSample.release.xcconfig */,
				D85775EBC117398CF9E3C04D /* Pods-DualCardSampleTests.debug.xcconfig */,
				63A9C7D660A70BDC992CA9C5 /* Pods-DualCardSampleTests.release.xcconfig */,
			);
			name = Pods;
			sourceTree = "<group>";
		};
/* End PBXGroup section */

/* Begin PBXNativeTarget section */
		EC52ED2C214AA4C000A2214A /* DualCardSample */ = {
			isa = PBXNativeTarget;
			buildConfigurationList = EC52ED4A214AA4C200A2214A /* Build configuration list for PBXNativeTarget "DualCardSample" */;
			buildPhases = (
				F6195F6623362536F724F9A0 /* [CP] Check Pods Manifest.lock */,
				EC52ED29214AA4C000A2214A /* Sources */,
				EC52ED2A214AA4C000A2214A /* Frameworks */,
				EC52ED2B214AA4C000A2214A /* Resources */,
				EC52ED6A214AA85F00A2214A /* Run Script */,
				39ACBC0D1D65B99EEE559AE4 /* [CP] Embed Pods Frameworks */,
				EC4C7C0921791A02007E6906 /* Embed Frameworks */,
			);
			buildRules = (
			);
			dependencies = (
			);
			name = DualCardSample;
			productName = DualCardSample;
			productReference = EC52ED2D214AA4C000A2214A /* DualCardSample.app */;
			productType = "com.apple.product-type.application";
		};
		EC52ED40214AA4C200A2214A /* DualCardSampleTests */ = {
			isa = PBXNativeTarget;
			buildConfigurationList = EC52ED4D214AA4C200A2214A /* Build configuration list for PBXNativeTarget "DualCardSampleTests" */;
			buildPhases = (
				EC9B80A41C6FAEA0C660311A /* [CP] Check Pods Manifest.lock */,
				EC52ED3D214AA4C200A2214A /* Sources */,
				EC52ED3E214AA4C200A2214A /* Frameworks */,
				EC52ED3F214AA4C200A2214A /* Resources */,
			);
			buildRules = (
			);
			dependencies = (
				EC52ED43214AA4C200A2214A /* PBXTargetDependency */,
			);
			name = DualCardSampleTests;
			productName = DualCardSampleTests;
			productReference = EC52ED41214AA4C200A2214A /* DualCardSampleTests.xctest */;
			productType = "com.apple.product-type.bundle.unit-test";
		};
/* End PBXNativeTarget section */

/* Begin PBXProject section */
		EC52ED25214AA4C000A2214A /* Project object */ = {
			isa = PBXProject;
			attributes = {
				LastSwiftUpdateCheck = 0940;
				LastUpgradeCheck = 0940;
				ORGANIZATIONNAME = SampleClientAppMaker;
				TargetAttributes = {
					EC52ED2C214AA4C000A2214A = {
						CreatedOnToolsVersion = 9.4.1;
					};
					EC52ED40214AA4C200A2214A = {
						CreatedOnToolsVersion = 9.4.1;
						TestTargetID = EC52ED2C214AA4C000A2214A;
					};
				};
			};
			buildConfigurationList = EC52ED28214AA4C000A2214A /* Build configuration list for PBXProject "DualCardSample" */;
			compatibilityVersion = "Xcode 9.3";
			developmentRegion = en;
			hasScannedForEncodings = 0;
			knownRegions = (
				en,
				Base,
			);
			mainGroup = EC52ED24214AA4C000A2214A;
			productRefGroup = EC52ED2E214AA4C000A2214A /* Products */;
			projectDirPath = "";
			projectRoot = "";
			targets = (
				EC52ED2C214AA4C000A2214A /* DualCardSample */,
				EC52ED40214AA4C200A2214A /* DualCardSampleTests */,
			);
		};
/* End PBXProject section */

/* Begin PBXResourcesBuildPhase section */
		EC52ED2B214AA4C000A2214A /* Resources */ = {
			isa = PBXResourcesBuildPhase;
			buildActionMask = 2147483647;
			files = (
				EC52ED3B214AA4C200A2214A /* LaunchScreen.storyboard in Resources */,
				EC52ED38214AA4C200A2214A /* Assets.xcassets in Resources */,
				EC52ED36214AA4C000A2214A /* Main.storyboard in Resources */,
			);
			runOnlyForDeploymentPostprocessing = 0;
		};
		EC52ED3F214AA4C200A2214A /* Resources */ = {
			isa = PBXResourcesBuildPhase;
			buildActionMask = 2147483647;
			files = (
			);
			runOnlyForDeploymentPostprocessing = 0;
		};
/* End PBXResourcesBuildPhase section */

/* Begin PBXShellScriptBuildPhase section */
		39ACBC0D1D65B99EEE559AE4 /* [CP] Embed Pods Frameworks */ = {
			isa = PBXShellScriptBuildPhase;
			buildActionMask = 2147483647;
			files = (
			);
			inputPaths = (
				"${SRCROOT}/Pods/Target Support Files/Pods-DualCardSample/Pods-DualCardSample-frameworks.sh",
				"${BUILT_PRODUCTS_DIR}/RNCryptor/RNCryptor.framework",
				"${BUILT_PRODUCTS_DIR}/TrustKit/TrustKit.framework",
			);
			name = "[CP] Embed Pods Frameworks";
			outputPaths = (
				"${TARGET_BUILD_DIR}/${FRAMEWORKS_FOLDER_PATH}/RNCryptor.framework",
				"${TARGET_BUILD_DIR}/${FRAMEWORKS_FOLDER_PATH}/TrustKit.framework",
			);
			runOnlyForDeploymentPostprocessing = 0;
			shellPath = /bin/sh;
			shellScript = "\"${SRCROOT}/Pods/Target Support Files/Pods-DualCardSample/Pods-DualCardSample-frameworks.sh\"\n";
			showEnvVarsInLog = 0;
		};
		EC52ED6A214AA85F00A2214A /* Run Script */ = {
			isa = PBXShellScriptBuildPhase;
			buildActionMask = 2147483647;
			files = (
			);
			inputPaths = (
			);
			name = "Run Script";
			outputPaths = (
			);
			runOnlyForDeploymentPostprocessing = 0;
			shellPath = /bin/sh;
			shellScript = "sh \"${SRCROOT}\"/strip-frameworks.sh\n";
		};
		EC9B80A41C6FAEA0C660311A /* [CP] Check Pods Manifest.lock */ = {
			isa = PBXShellScriptBuildPhase;
			buildActionMask = 2147483647;
			files = (
			);
			inputPaths = (
				"${PODS_PODFILE_DIR_PATH}/Podfile.lock",
				"${PODS_ROOT}/Manifest.lock",
			);
			name = "[CP] Check Pods Manifest.lock";
			outputPaths = (
				"$(DERIVED_FILE_DIR)/Pods-DualCardSampleTests-checkManifestLockResult.txt",
			);
			runOnlyForDeploymentPostprocessing = 0;
			shellPath = /bin/sh;
			shellScript = "diff \"${PODS_PODFILE_DIR_PATH}/Podfile.lock\" \"${PODS_ROOT}/Manifest.lock\" > /dev/null\nif [ $? != 0 ] ; then\n    # print error to STDERR\n    echo \"error: The sandbox is not in sync with the Podfile.lock. Run 'pod install' or update your CocoaPods installation.\" >&2\n    exit 1\nfi\n# This output is used by Xcode 'outputs' to avoid re-running this script phase.\necho \"SUCCESS\" > \"${SCRIPT_OUTPUT_FILE_0}\"\n";
			showEnvVarsInLog = 0;
		};
		F6195F6623362536F724F9A0 /* [CP] Check Pods Manifest.lock */ = {
			isa = PBXShellScriptBuildPhase;
			buildActionMask = 2147483647;
			files = (
			);
			inputPaths = (
				"${PODS_PODFILE_DIR_PATH}/Podfile.lock",
				"${PODS_ROOT}/Manifest.lock",
			);
			name = "[CP] Check Pods Manifest.lock";
			outputPaths = (
				"$(DERIVED_FILE_DIR)/Pods-DualCardSample-checkManifestLockResult.txt",
			);
			runOnlyForDeploymentPostprocessing = 0;
			shellPath = /bin/sh;
			shellScript = "diff \"${PODS_PODFILE_DIR_PATH}/Podfile.lock\" \"${PODS_ROOT}/Manifest.lock\" > /dev/null\nif [ $? != 0 ] ; then\n    # print error to STDERR\n    echo \"error: The sandbox is not in sync with the Podfile.lock. Run 'pod install' or update your CocoaPods installation.\" >&2\n    exit 1\nfi\n# This output is used by Xcode 'outputs' to avoid re-running this script phase.\necho \"SUCCESS\" > \"${SCRIPT_OUTPUT_FILE_0}\"\n";
			showEnvVarsInLog = 0;
		};
/* End PBXShellScriptBuildPhase section */

/* Begin PBXSourcesBuildPhase section */
		EC52ED29214AA4C000A2214A /* Sources */ = {
			isa = PBXSourcesBuildPhase;
			buildActionMask = 2147483647;
			files = (
				EC52ED33214AA4C000A2214A /* ViewController.swift in Sources */,
				EC52ED31214AA4C000A2214A /* AppDelegate.swift in Sources */,
			);
			runOnlyForDeploymentPostprocessing = 0;
		};
		EC52ED3D214AA4C200A2214A /* Sources */ = {
			isa = PBXSourcesBuildPhase;
			buildActionMask = 2147483647;
			files = (
				EC52ED46214AA4C200A2214A /* DualCardSampleTests.swift in Sources */,
			);
			runOnlyForDeploymentPostprocessing = 0;
		};
/* End PBXSourcesBuildPhase section */

/* Begin PBXTargetDependency section */
		EC52ED43214AA4C200A2214A /* PBXTargetDependency */ = {
			isa = PBXTargetDependency;
			target = EC52ED2C214AA4C000A2214A /* DualCardSample */;
			targetProxy = EC52ED42214AA4C200A2214A /* PBXContainerItemProxy */;
		};
/* End PBXTargetDependency section */

/* Begin PBXVariantGroup section */
		EC52ED34214AA4C000A2214A /* Main.storyboard */ = {
			isa = PBXVariantGroup;
			children = (
				EC52ED35214AA4C000A2214A /* Base */,
			);
			name = Main.storyboard;
			sourceTree = "<group>";
		};
		EC52ED39214AA4C200A2214A /* LaunchScreen.storyboard */ = {
			isa = PBXVariantGroup;
			children = (
				EC52ED3A214AA4C200A2214A /* Base */,
			);
			name = LaunchScreen.storyboard;
			sourceTree = "<group>";
		};
/* End PBXVariantGroup section */

/* Begin XCBuildConfiguration section */
		EC52ED48214AA4C200A2214A /* Debug */ = {
			isa = XCBuildConfiguration;
			buildSettings = {
				ALWAYS_SEARCH_USER_PATHS = NO;
				CLANG_ANALYZER_NONNULL = YES;
				CLANG_ANALYZER_NUMBER_OBJECT_CONVERSION = YES_AGGRESSIVE;
				CLANG_CXX_LANGUAGE_STANDARD = "gnu++14";
				CLANG_CXX_LIBRARY = "libc++";
				CLANG_ENABLE_MODULES = YES;
				CLANG_ENABLE_OBJC_ARC = YES;
				CLANG_ENABLE_OBJC_WEAK = YES;
				CLANG_WARN_BLOCK_CAPTURE_AUTORELEASING = YES;
				CLANG_WARN_BOOL_CONVERSION = YES;
				CLANG_WARN_COMMA = YES;
				CLANG_WARN_CONSTANT_CONVERSION = YES;
				CLANG_WARN_DEPRECATED_OBJC_IMPLEMENTATIONS = YES;
				CLANG_WARN_DIRECT_OBJC_ISA_USAGE = YES_ERROR;
				CLANG_WARN_DOCUMENTATION_COMMENTS = YES;
				CLANG_WARN_EMPTY_BODY = YES;
				CLANG_WARN_ENUM_CONVERSION = YES;
				CLANG_WARN_INFINITE_RECURSION = YES;
				CLANG_WARN_INT_CONVERSION = YES;
				CLANG_WARN_NON_LITERAL_NULL_CONVERSION = YES;
				CLANG_WARN_OBJC_IMPLICIT_RETAIN_SELF = YES;
				CLANG_WARN_OBJC_LITERAL_CONVERSION = YES;
				CLANG_WARN_OBJC_ROOT_CLASS = YES_ERROR;
				CLANG_WARN_RANGE_LOOP_ANALYSIS = YES;
				CLANG_WARN_STRICT_PROTOTYPES = YES;
				CLANG_WARN_SUSPICIOUS_MOVE = YES;
				CLANG_WARN_UNGUARDED_AVAILABILITY = YES_AGGRESSIVE;
				CLANG_WARN_UNREACHABLE_CODE = YES;
				CLANG_WARN__DUPLICATE_METHOD_MATCH = YES;
				CODE_SIGN_IDENTITY = "iPhone Developer";
				COPY_PHASE_STRIP = NO;
				DEBUG_INFORMATION_FORMAT = dwarf;
				ENABLE_STRICT_OBJC_MSGSEND = YES;
				ENABLE_TESTABILITY = YES;
				GCC_C_LANGUAGE_STANDARD = gnu11;
				GCC_DYNAMIC_NO_PIC = NO;
				GCC_NO_COMMON_BLOCKS = YES;
				GCC_OPTIMIZATION_LEVEL = 0;
				GCC_PREPROCESSOR_DEFINITIONS = (
					"DEBUG=1",
					"$(inherited)",
				);
				GCC_WARN_64_TO_32_BIT_CONVERSION = YES;
				GCC_WARN_ABOUT_RETURN_TYPE = YES_ERROR;
				GCC_WARN_UNDECLARED_SELECTOR = YES;
				GCC_WARN_UNINITIALIZED_AUTOS = YES_AGGRESSIVE;
				GCC_WARN_UNUSED_FUNCTION = YES;
				GCC_WARN_UNUSED_VARIABLE = YES;
				IPHONEOS_DEPLOYMENT_TARGET = 11.4;
				MTL_ENABLE_DEBUG_INFO = YES;
				ONLY_ACTIVE_ARCH = YES;
				SDKROOT = iphoneos;
				SWIFT_ACTIVE_COMPILATION_CONDITIONS = DEBUG;
				SWIFT_OPTIMIZATION_LEVEL = "-Onone";
			};
			name = Debug;
		};
		EC52ED49214AA4C200A2214A /* Release */ = {
			isa = XCBuildConfiguration;
			buildSettings = {
				ALWAYS_SEARCH_USER_PATHS = NO;
				CLANG_ANALYZER_NONNULL = YES;
				CLANG_ANALYZER_NUMBER_OBJECT_CONVERSION = YES_AGGRESSIVE;
				CLANG_CXX_LANGUAGE_STANDARD = "gnu++14";
				CLANG_CXX_LIBRARY = "libc++";
				CLANG_ENABLE_MODULES = YES;
				CLANG_ENABLE_OBJC_ARC = YES;
				CLANG_ENABLE_OBJC_WEAK = YES;
				CLANG_WARN_BLOCK_CAPTURE_AUTORELEASING = YES;
				CLANG_WARN_BOOL_CONVERSION = YES;
				CLANG_WARN_COMMA = YES;
				CLANG_WARN_CONSTANT_CONVERSION = YES;
				CLANG_WARN_DEPRECATED_OBJC_IMPLEMENTATIONS = YES;
				CLANG_WARN_DIRECT_OBJC_ISA_USAGE = YES_ERROR;
				CLANG_WARN_DOCUMENTATION_COMMENTS = YES;
				CLANG_WARN_EMPTY_BODY = YES;
				CLANG_WARN_ENUM_CONVERSION = YES;
				CLANG_WARN_INFINITE_RECURSION = YES;
				CLANG_WARN_INT_CONVERSION = YES;
				CLANG_WARN_NON_LITERAL_NULL_CONVERSION = YES;
				CLANG_WARN_OBJC_IMPLICIT_RETAIN_SELF = YES;
				CLANG_WARN_OBJC_LITERAL_CONVERSION = YES;
				CLANG_WARN_OBJC_ROOT_CLASS = YES_ERROR;
				CLANG_WARN_RANGE_LOOP_ANALYSIS = YES;
				CLANG_WARN_STRICT_PROTOTYPES = YES;
				CLANG_WARN_SUSPICIOUS_MOVE = YES;
				CLANG_WARN_UNGUARDED_AVAILABILITY = YES_AGGRESSIVE;
				CLANG_WARN_UNREACHABLE_CODE = YES;
				CLANG_WARN__DUPLICATE_METHOD_MATCH = YES;
				CODE_SIGN_IDENTITY = "iPhone Developer";
				COPY_PHASE_STRIP = NO;
				DEBUG_INFORMATION_FORMAT = "dwarf-with-dsym";
				ENABLE_NS_ASSERTIONS = NO;
				ENABLE_STRICT_OBJC_MSGSEND = YES;
				GCC_C_LANGUAGE_STANDARD = gnu11;
				GCC_NO_COMMON_BLOCKS = YES;
				GCC_WARN_64_TO_32_BIT_CONVERSION = YES;
				GCC_WARN_ABOUT_RETURN_TYPE = YES_ERROR;
				GCC_WARN_UNDECLARED_SELECTOR = YES;
				GCC_WARN_UNINITIALIZED_AUTOS = YES_AGGRESSIVE;
				GCC_WARN_UNUSED_FUNCTION = YES;
				GCC_WARN_UNUSED_VARIABLE = YES;
				IPHONEOS_DEPLOYMENT_TARGET = 11.4;
				MTL_ENABLE_DEBUG_INFO = NO;
				SDKROOT = iphoneos;
				SWIFT_COMPILATION_MODE = wholemodule;
				SWIFT_OPTIMIZATION_LEVEL = "-O";
				VALIDATE_PRODUCT = YES;
			};
			name = Release;
		};
		EC52ED4B214AA4C200A2214A /* Debug */ = {
			isa = XCBuildConfiguration;
			baseConfigurationReference = 8B9A28CA5BEA8E17C46FA2FF /* Pods-DualCardSample.debug.xcconfig */;
			buildSettings = {
				ASSETCATALOG_COMPILER_APPICON_NAME = AppIcon;
				CODE_SIGN_STYLE = Automatic;
				DEVELOPMENT_TEAM = T2XWZFPH38;
				FRAMEWORK_SEARCH_PATHS = (
					"$(inherited)",
					"$(PROJECT_DIR)",
				);
				INFOPLIST_FILE = DualCardSample/Info.plist;
				LD_RUNPATH_SEARCH_PATHS = (
					"$(inherited)",
					"@executable_path/Frameworks",
				);
				PRODUCT_BUNDLE_IDENTIFIER = com.thisismyapp.DualCardSample;
				PRODUCT_NAME = "$(TARGET_NAME)";
				SWIFT_VERSION = 4.0;
				TARGETED_DEVICE_FAMILY = "1,2";
			};
			name = Debug;
		};
		EC52ED4C214AA4C200A2214A /* Release */ = {
			isa = XCBuildConfiguration;
			baseConfigurationReference = 17C7F3502D154174E57C99BA /* Pods-DualCardSample.release.xcconfig */;
			buildSettings = {
				ASSETCATALOG_COMPILER_APPICON_NAME = AppIcon;
				CODE_SIGN_STYLE = Automatic;
				DEVELOPMENT_TEAM = T2XWZFPH38;
				FRAMEWORK_SEARCH_PATHS = (
					"$(inherited)",
					"$(PROJECT_DIR)",
				);
				INFOPLIST_FILE = DualCardSample/Info.plist;
				LD_RUNPATH_SEARCH_PATHS = (
					"$(inherited)",
					"@executable_path/Frameworks",
				);
				PRODUCT_BUNDLE_IDENTIFIER = com.thisismyapp.DualCardSample;
				PRODUCT_NAME = "$(TARGET_NAME)";
				SWIFT_VERSION = 4.0;
				TARGETED_DEVICE_FAMILY = "1,2";
			};
			name = Release;
		};
		EC52ED4E214AA4C200A2214A /* Debug */ = {
			isa = XCBuildConfiguration;
			baseConfigurationReference = D85775EBC117398CF9E3C04D /* Pods-DualCardSampleTests.debug.xcconfig */;
			buildSettings = {
				ALWAYS_EMBED_SWIFT_STANDARD_LIBRARIES = YES;
				BUNDLE_LOADER = "$(TEST_HOST)";
				CODE_SIGN_STYLE = Automatic;
				DEVELOPMENT_TEAM = T2XWZFPH38;
				INFOPLIST_FILE = DualCardSampleTests/Info.plist;
				LD_RUNPATH_SEARCH_PATHS = (
					"$(inherited)",
					"@executable_path/Frameworks",
					"@loader_path/Frameworks",
				);
				PRODUCT_BUNDLE_IDENTIFIER = com.thisismyapp.DualCardSampleTests;
				PRODUCT_NAME = "$(TARGET_NAME)";
				SWIFT_VERSION = 4.0;
				TARGETED_DEVICE_FAMILY = "1,2";
				TEST_HOST = "$(BUILT_PRODUCTS_DIR)/DualCardSample.app/DualCardSample";
			};
			name = Debug;
		};
		EC52ED4F214AA4C200A2214A /* Release */ = {
			isa = XCBuildConfiguration;
			baseConfigurationReference = 63A9C7D660A70BDC992CA9C5 /* Pods-DualCardSampleTests.release.xcconfig */;
			buildSettings = {
				ALWAYS_EMBED_SWIFT_STANDARD_LIBRARIES = YES;
				BUNDLE_LOADER = "$(TEST_HOST)";
				CODE_SIGN_STYLE = Automatic;
				DEVELOPMENT_TEAM = T2XWZFPH38;
				INFOPLIST_FILE = DualCardSampleTests/Info.plist;
				LD_RUNPATH_SEARCH_PATHS = (
					"$(inherited)",
					"@executable_path/Frameworks",
					"@loader_path/Frameworks",
				);
				PRODUCT_BUNDLE_IDENTIFIER = com.thisismyapp.DualCardSampleTests;
				PRODUCT_NAME = "$(TARGET_NAME)";
				SWIFT_VERSION = 4.0;
				TARGETED_DEVICE_FAMILY = "1,2";
				TEST_HOST = "$(BUILT_PRODUCTS_DIR)/DualCardSample.app/DualCardSample";
			};
			name = Release;
		};
/* End XCBuildConfiguration section */

/* Begin XCConfigurationList section */
		EC52ED28214AA4C000A2214A /* Build configuration list for PBXProject "DualCardSample" */ = {
			isa = XCConfigurationList;
			buildConfigurations = (
				EC52ED48214AA4C200A2214A /* Debug */,
				EC52ED49214AA4C200A2214A /* Release */,
			);
			defaultConfigurationIsVisible = 0;
			defaultConfigurationName = Release;
		};
		EC52ED4A214AA4C200A2214A /* Build configuration list for PBXNativeTarget "DualCardSample" */ = {
			isa = XCConfigurationList;
			buildConfigurations = (
				EC52ED4B214AA4C200A2214A /* Debug */,
				EC52ED4C214AA4C200A2214A /* Release */,
			);
			defaultConfigurationIsVisible = 0;
			defaultConfigurationName = Release;
		};
		EC52ED4D214AA4C200A2214A /* Build configuration list for PBXNativeTarget "DualCardSampleTests" */ = {
			isa = XCConfigurationList;
			buildConfigurations = (
				EC52ED4E214AA4C200A2214A /* Debug */,
				EC52ED4F214AA4C200A2214A /* Release */,
			);
			defaultConfigurationIsVisible = 0;
			defaultConfigurationName = Release;
		};
/* End XCConfigurationList section */
	};
	rootObject = EC52ED25214AA4C000A2214A /* Project object */;
}
